// !$*UTF8*$!
{
	archiveVersion = 1;
	classes = {
	};
	objectVersion = 46;
	objects = {

/* Begin PBXBuildFile section */
		D44FBE661F44E22700818A0D /* AppDelegate.swift in Sources */ = {isa = PBXBuildFile; fileRef = D44FBE651F44E22700818A0D /* AppDelegate.swift */; };
		D44FBE681F44E22700818A0D /* ViewController.swift in Sources */ = {isa = PBXBuildFile; fileRef = D44FBE671F44E22700818A0D /* ViewController.swift */; };
		D44FBE6B1F44E22700818A0D /* Main.storyboard in Resources */ = {isa = PBXBuildFile; fileRef = D44FBE691F44E22700818A0D /* Main.storyboard */; };
		D44FBE6D1F44E22700818A0D /* Assets.xcassets in Resources */ = {isa = PBXBuildFile; fileRef = D44FBE6C1F44E22700818A0D /* Assets.xcassets */; };
		D44FBE701F44E22700818A0D /* LaunchScreen.storyboard in Resources */ = {isa = PBXBuildFile; fileRef = D44FBE6E1F44E22700818A0D /* LaunchScreen.storyboard */; };
/* End PBXBuildFile section */

/* Begin PBXFileReference section */
		D44FBE621F44E22700818A0D /* kev.app */ = {isa = PBXFileReference; explicitFileType = wrapper.application; includeInIndex = 0; path = kev.app; sourceTree = BUILT_PRODUCTS_DIR; };
		D44FBE651F44E22700818A0D /* AppDelegate.swift */ = {isa = PBXFileReference; lastKnownFileType = sourcecode.swift; path = AppDelegate.swift; sourceTree = "<group>"; };
		D44FBE671F44E22700818A0D /* ViewController.swift */ = {isa = PBXFileReference; lastKnownFileType = sourcecode.swift; path = ViewController.swift; sourceTree = "<group>"; };
		D44FBE6A1F44E22700818A0D /* Base */ = {isa = PBXFileReference; lastKnownFileType = file.storyboard; name = Base; path = Base.lproj/Main.storyboard; sourceTree = "<group>"; };
		D44FBE6C1F44E22700818A0D /* Assets.xcassets */ = {isa = PBXFileReference; lastKnownFileType = folder.assetcatalog; path = Assets.xcassets; sourceTree = "<group>"; };
		D44FBE6F1F44E22700818A0D /* Base */ = {isa = PBXFileReference; lastKnownFileType = file.storyboard; name = Base; path = Base.lproj/LaunchScreen.storyboard; sourceTree = "<group>"; };
		D44FBE711F44E22700818A0D /* Info.plist */ = {isa = PBXFileReference; lastKnownFileType = text.plist.xml; path = Info.plist; sourceTree = "<group>"; };
/* End PBXFileReference section */

/* Begin PBXFrameworksBuildPhase section */
		D44FBE5F1F44E22700818A0D /* Frameworks */ = {
			isa = PBXFrameworksBuildPhase;
			buildActionMask = 2147483647;
			files = (
			);
			runOnlyForDeploymentPostprocessing = 0;
		};
/* End PBXFrameworksBuildPhase section */

/* Begin PBXGroup section */
		D44FBE591F44E22700818A0D = {
			isa = PBXGroup;
			children = (
				D44FBE641F44E22700818A0D /* kev */,
				D44FBE631F44E22700818A0D /* Products */,
			);
			sourceTree = "<group>";
		};
		D44FBE631F44E22700818A0D /* Products */ = {
			isa = PBXGroup;
			children = (
				D44FBE621F44E22700818A0D /* kev.app */,
			);
			name = Products;
			sourceTree = "<group>";
		};
		D44FBE641F44E22700818A0D /* kev */ = {
			isa = PBXGroup;
			children = (
				D44FBE651F44E22700818A0D /* AppDelegate.swift */,
				D44FBE671F44E22700818A0D /* ViewController.swift */,
				D44FBE691F44E22700818A0D /* Main.storyboard */,
				D44FBE6C1F44E22700818A0D /* Assets.xcassets */,
				D44FBE6E1F44E22700818A0D /* LaunchScreen.storyboard */,
				D44FBE711F44E22700818A0D /* Info.plist */,
			);
			path = kev;
			sourceTree = "<group>";
		};
/* End PBXGroup section */

/* Begin PBXNativeTarget section */
		D44FBE611F44E22700818A0D /* kev */ = {
			isa = PBXNativeTarget;
			buildConfigurationList = D44FBE741F44E22700818A0D /* Build configuration list for PBXNativeTarget "kev" */;
			buildPhases = (
				D44FBE5E1F44E22700818A0D /* Sources */,
				D44FBE5F1F44E22700818A0D /* Frameworks */,
				D44FBE601F44E22700818A0D /* Resources */,
			);
			buildRules = (
			);
			dependencies = (
			);
			name = kev;
			productName = kev;
			productReference = D44FBE621F44E22700818A0D /* kev.app */;
			productType = "com.apple.product-type.application";
		};
/* End PBXNativeTarget section */

/* Begin PBXProject section */
		D44FBE5A1F44E22700818A0D /* Project object */ = {
			isa = PBXProject;
			attributes = {
				LastSwiftUpdateCheck = 0830;
				LastUpgradeCheck = 0830;
				ORGANIZATIONNAME = "kevin-young";
				TargetAttributes = {
					D44FBE611F44E22700818A0D = {
						CreatedOnToolsVersion = 8.3.3;
						DevelopmentTeam = DLP8NYFNCL;
						ProvisioningStyle = Automatic;
					};
				};
			};
			buildConfigurationList = D44FBE5D1F44E22700818A0D /* Build configuration list for PBXProject "kev" */;
			compatibilityVersion = "Xcode 3.2";
			developmentRegion = English;
			hasScannedForEncodings = 0;
			knownRegions = (
				en,
				Base,
			);
			mainGroup = D44FBE591F44E22700818A0D;
			productRefGroup = D44FBE631F44E22700818A0D /* Products */;
			projectDirPath = "";
			projectRoot = "";
			targets = (
				D44FBE611F44E22700818A0D /* kev */,
			);
		};
/* End PBXProject section */

/* Begin PBXResourcesBuildPhase section */
		D44FBE601F44E22700818A0D /* Resources */ = {
			isa = PBXResourcesBuildPhase;
			buildActionMask = 2147483647;
			files = (
				D44FBE701F44E22700818A0D /* LaunchScreen.storyboard in Resources */,
				D44FBE6D1F44E22700818A0D /* Assets.xcassets in Resources */,
				D44FBE6B1F44E22700818A0D /* Main.storyboard in Resources */,
			);
			runOnlyForDeploymentPostprocessing = 0;
		};
/* End PBXResourcesBuildPhase section */

/* Begin PBXSourcesBuildPhase section */
		D44FBE5E1F44E22700818A0D /* Sources */ = {
			isa = PBXSourcesBuildPhase;
			buildActionMask = 2147483647;
			files = (
				D44FBE681F44E22700818A0D /* ViewController.swift in Sources */,
				D44FBE661F44E22700818A0D /* AppDelegate.swift in Sources */,
			);
			runOnlyForDeploymentPostprocessing = 0;
		};
/* End PBXSourcesBuildPhase section */

/* Begin PBXVariantGroup section */
		D44FBE691F44E22700818A0D /* Main.storyboard */ = {
			isa = PBXVariantGroup;
			children = (
				D44FBE6A1F44E22700818A0D /* Base */,
			);
			name = Main.storyboard;
			sourceTree = "<group>";
		};
		D44FBE6E1F44E22700818A0D /* LaunchScreen.storyboard */ = {
			isa = PBXVariantGroup;
			children = (
				D44FBE6F1F44E22700818A0D /* Base */,
			);
			name = LaunchScreen.storyboard;
			sourceTree = "<group>";
		};
/* End PBXVariantGroup section */

/* Begin XCBuildConfiguration section */
		D44FBE721F44E22700818A0D /* Debug */ = {
			isa = XCBuildConfiguration;
			buildSettings = {
				ALWAYS_SEARCH_USER_PATHS = NO;
				CLANG_ANALYZER_NONNULL = YES;
				CLANG_ANALYZER_NUMBER_OBJECT_CONVERSION = YES_AGGRESSIVE;
				CLANG_CXX_LANGUAGE_STANDARD = "gnu++0x";
				CLANG_CXX_LIBRARY = "libc++";
				CLANG_ENABLE_MODULES = YES;
				CLANG_ENABLE_OBJC_ARC = YES;
				CLANG_WARN_BOOL_CONVERSION = YES;
				CLANG_WARN_CONSTANT_CONVERSION = YES;
				CLANG_WARN_DIRECT_OBJC_ISA_USAGE = YES_ERROR;
				CLANG_WARN_DOCUMENTATION_COMMENTS = YES;
				CLANG_WARN_EMPTY_BODY = YES;
				CLANG_WARN_ENUM_CONVERSION = YES;
				CLANG_WARN_INFINITE_RECURSION = YES;
				CLANG_WARN_INT_CONVERSION = YES;
				CLANG_WARN_OBJC_ROOT_CLASS = YES_ERROR;
				CLANG_WARN_SUSPICIOUS_MOVE = YES;
				CLANG_WARN_UNREACHABLE_CODE = YES;
				CLANG_WARN__DUPLICATE_METHOD_MATCH = YES;
				"CODE_SIGN_IDENTITY[sdk=iphoneos*]" = "iPhone Developer";
				COPY_PHASE_STRIP = NO;
				DEBUG_INFORMATION_FORMAT = dwarf;
				ENABLE_STRICT_OBJC_MSGSEND = YES;
				ENABLE_TESTABILITY = YES;
				GCC_C_LANGUAGE_STANDARD = gnu99;
				GCC_DYNAMIC_NO_PIC = NO;
				GCC_NO_COMMON_BLOCKS = YES;
				GCC_OPTIMIZATION_LEVEL = 0;
				GCC_PREPROCESSOR_DEFINITIONS = (
					"DEBUG=1",
					"$(inherited)",
				);
				GCC_WARN_64_TO_32_BIT_CONVERSION = YES;
				GCC_WARN_ABOUT_RETURN_TYPE = YES_ERROR;
				GCC_WARN_UNDECLARED_SELECTOR = YES;
				GCC_WARN_UNINITIALIZED_AUTOS = YES_AGGRESSIVE;
				GCC_WARN_UNUSED_FUNCTION = YES;
				GCC_WARN_UNUSED_VARIABLE = YES;
				IPHONEOS_DEPLOYMENT_TARGET = 10.3;
				MTL_ENABLE_DEBUG_INFO = YES;
				ONLY_ACTIVE_ARCH = YES;
				SDKROOT = iphoneos;
				SWIFT_ACTIVE_COMPILATION_CONDITIONS = DEBUG;
				SWIFT_OPTIMIZATION_LEVEL = "-Onone";
			};
			name = Debug;
		};
		D44FBE731F44E22700818A0D /* Release */ = {
			isa = XCBuildConfiguration;
			buildSettings = {
				ALWAYS_SEARCH_USER_PATHS = NO;
				CLANG_ANALYZER_NONNULL = YES;
				CLANG_ANALYZER_NUMBER_OBJECT_CONVERSION = YES_AGGRESSIVE;
				CLANG_CXX_LANGUAGE_STANDARD = "gnu++0x";
				CLANG_CXX_LIBRARY = "libc++";
				CLANG_ENABLE_MODULES = YES;
				CLANG_ENABLE_OBJC_ARC = YES;
				CLANG_WARN_BOOL_CONVERSION = YES;
				CLANG_WARN_CONSTANT_CONVERSION = YES;
				CLANG_WARN_DIRECT_OBJC_ISA_USAGE = YES_ERROR;
				CLANG_WARN_DOCUMENTATION_COMMENTS = YES;
				CLANG_WARN_EMPTY_BODY = YES;
				CLANG_WARN_ENUM_CONVERSION = YES;
				CLANG_WARN_INFINITE_RECURSION = YES;
				CLANG_WARN_INT_CONVERSION = YES;
				CLANG_WARN_OBJC_ROOT_CLASS = YES_ERROR;
				CLANG_WARN_SUSPICIOUS_MOVE = YES;
				CLANG_WARN_UNREACHABLE_CODE = YES;
				CLANG_WARN__DUPLICATE_METHOD_MATCH = YES;
				"CODE_SIGN_IDENTITY[sdk=iphoneos*]" = "iPhone Developer";
				COPY_PHASE_STRIP = NO;
				DEBUG_INFORMATION_FORMAT = "dwarf-with-dsym";
				ENABLE_NS_ASSERTIONS = NO;
				ENABLE_STRICT_OBJC_MSGSEND = YES;
				GCC_C_LANGUAGE_STANDARD = gnu99;
				GCC_NO_COMMON_BLOCKS = YES;
				GCC_WARN_64_TO_32_BIT_CONVERSION = YES;
				GCC_WARN_ABOUT_RETURN_TYPE = YES_ERROR;
				GCC_WARN_UNDECLARED_SELECTOR = YES;
				GCC_WARN_UNINITIALIZED_AUTOS = YES_AGGRESSIVE;
				GCC_WARN_UNUSED_FUNCTION = YES;
				GCC_WARN_UNUSED_VARIABLE = YES;
				IPHONEOS_DEPLOYMENT_TARGET = 10.3;
				MTL_ENABLE_DEBUG_INFO = NO;
				SDKROOT = iphoneos;
				SWIFT_OPTIMIZATION_LEVEL = "-Owholemodule";
				VALIDATE_PRODUCT = YES;
			};
			name = Release;
		};
		D44FBE751F44E22700818A0D /* Debug */ = {
			isa = XCBuildConfiguration;
			buildSettings = {
				ASSETCATALOG_COMPILER_APPICON_NAME = AppIcon;
				DEVELOPMENT_TEAM = DLP8NYFNCL;
				INFOPLIST_FILE = kev/Info.plist;
				LD_RUNPATH_SEARCH_PATHS = "$(inherited) @executable_path/Frameworks";
				PRODUCT_BUNDLE_IDENTIFIER = "kevin-co.kev";
				PRODUCT_NAME = "$(TARGET_NAME)";
				SWIFT_VERSION = 3.0;
			};
			name = Debug;
		};
		D44FBE761F44E22700818A0D /* Release */ = {
			isa = XCBuildConfiguration;
			buildSettings = {
				ASSETCATALOG_COMPILER_APPICON_NAME = AppIcon;
				DEVELOPMENT_TEAM = DLP8NYFNCL;
				INFOPLIST_FILE = kev/Info.plist;
				LD_RUNPATH_SEARCH_PATHS = "$(inherited) @executable_path/Frameworks";
				PRODUCT_BUNDLE_IDENTIFIER = "kevin-co.kev";
				PRODUCT_NAME = "$(TARGET_NAME)";
				SWIFT_VERSION = 3.0;
			};
			name = Release;
		};
/* End XCBuildConfiguration section */

/* Begin XCConfigurationList section */
		D44FBE5D1F44E22700818A0D /* Build configuration list for PBXProject "kev" */ = {
			isa = XCConfigurationList;
			buildConfigurations = (
				D44FBE721F44E22700818A0D /* Debug */,
				D44FBE731F44E22700818A0D /* Release */,
			);
			defaultConfigurationIsVisible = 0;
			defaultConfigurationName = Release;
		};
		D44FBE741F44E22700818A0D /* Build configuration list for PBXNativeTarget "kev" */ = {
			isa = XCConfigurationList;
			buildConfigurations = (
				D44FBE751F44E22700818A0D /* Debug */,
				D44FBE761F44E22700818A0D /* Release */,
			);
			defaultConfigurationIsVisible = 0;
			defaultConfigurationName = Release;
		};
/* End XCConfigurationList section */
	};
	rootObject = D44FBE5A1F44E22700818A0D /* Project object */;
}
